// !$*UTF8*$!
{
	archiveVersion = 1;
	classes = {
	};
	objectVersion = 50;
	objects = {

/* Begin PBXBuildFile section */
		268329522492428E0032F3F4 /* SLPCommon.framework in Frameworks */ = {isa = PBXBuildFile; fileRef = 268329502492428D0032F3F4 /* SLPCommon.framework */; };
		268329532492428E0032F3F4 /* SLPTCP.framework in Frameworks */ = {isa = PBXBuildFile; fileRef = 268329512492428D0032F3F4 /* SLPTCP.framework */; };
		26841E262499C40600DC50D3 /* DataViewController.xib in Resources */ = {isa = PBXBuildFile; fileRef = 26841E232499C40600DC50D3 /* DataViewController.xib */; };
		26841E272499C40600DC50D3 /* DataViewController.m in Sources */ = {isa = PBXBuildFile; fileRef = 26841E252499C40600DC50D3 /* DataViewController.m */; };
		26841E512499C4A500DC50D3 /* SleepView.m in Sources */ = {isa = PBXBuildFile; fileRef = 26841E2F2499C4A500DC50D3 /* SleepView.m */; };
		26841E522499C4A500DC50D3 /* FixView.m in Sources */ = {isa = PBXBuildFile; fileRef = 26841E302499C4A500DC50D3 /* FixView.m */; };
		26841E532499C4A500DC50D3 /* NSObject+SBJson.m in Sources */ = {isa = PBXBuildFile; fileRef = 26841E322499C4A500DC50D3 /* NSObject+SBJson.m */; };
		26841E542499C4A500DC50D3 /* SBJsonStreamParser.m in Sources */ = {isa = PBXBuildFile; fileRef = 26841E3B2499C4A500DC50D3 /* SBJsonStreamParser.m */; };
		26841E552499C4A500DC50D3 /* SBJsonParser.m in Sources */ = {isa = PBXBuildFile; fileRef = 26841E3C2499C4A500DC50D3 /* SBJsonParser.m */; };
		26841E562499C4A500DC50D3 /* SBJsonStreamParserAccumulator.m in Sources */ = {isa = PBXBuildFile; fileRef = 26841E3D2499C4A500DC50D3 /* SBJsonStreamParserAccumulator.m */; };
		26841E572499C4A500DC50D3 /* SBJson.m in Sources */ = {isa = PBXBuildFile; fileRef = 26841E3E2499C4A500DC50D3 /* SBJson.m */; settings = {COMPILER_FLAGS = "-fno-objc-arc"; }; };
		26841E582499C4A500DC50D3 /* SBJsonUTF8Stream.m in Sources */ = {isa = PBXBuildFile; fileRef = 26841E3F2499C4A500DC50D3 /* SBJsonUTF8Stream.m */; };
		26841E592499C4A500DC50D3 /* SBJsonStreamParserState.m in Sources */ = {isa = PBXBuildFile; fileRef = 26841E402499C4A500DC50D3 /* SBJsonStreamParserState.m */; };
		26841E5A2499C4A500DC50D3 /* SBJsonWriter.m in Sources */ = {isa = PBXBuildFile; fileRef = 26841E422499C4A500DC50D3 /* SBJsonWriter.m */; };
		26841E5B2499C4A500DC50D3 /* SBJsonStreamWriter.m in Sources */ = {isa = PBXBuildFile; fileRef = 26841E432499C4A500DC50D3 /* SBJsonStreamWriter.m */; };
		26841E5C2499C4A500DC50D3 /* SBJsonStreamParserAdapter.m in Sources */ = {isa = PBXBuildFile; fileRef = 26841E442499C4A500DC50D3 /* SBJsonStreamParserAdapter.m */; };
		26841E5D2499C4A500DC50D3 /* SBJsonStreamWriterAccumulator.m in Sources */ = {isa = PBXBuildFile; fileRef = 26841E452499C4A500DC50D3 /* SBJsonStreamWriterAccumulator.m */; };
		26841E5E2499C4A500DC50D3 /* SBJsonStreamWriterState.m in Sources */ = {isa = PBXBuildFile; fileRef = 26841E482499C4A500DC50D3 /* SBJsonStreamWriterState.m */; };
		26841E5F2499C4A500DC50D3 /* SBJsonTokeniser.m in Sources */ = {isa = PBXBuildFile; fileRef = 26841E492499C4A500DC50D3 /* SBJsonTokeniser.m */; };
		26841E602499C4A500DC50D3 /* ToolKit.m in Sources */ = {isa = PBXBuildFile; fileRef = 26841E4C2499C4A500DC50D3 /* ToolKit.m */; };
		26841E612499C4A500DC50D3 /* FixTimeView.m in Sources */ = {isa = PBXBuildFile; fileRef = 26841E4D2499C4A500DC50D3 /* FixTimeView.m */; };
		26841E622499C4A500DC50D3 /* HeartCurveView.m in Sources */ = {isa = PBXBuildFile; fileRef = 26841E4E2499C4A500DC50D3 /* HeartCurveView.m */; };
		26841E632499C4A500DC50D3 /* UserObj.m in Sources */ = {isa = PBXBuildFile; fileRef = 26841E4F2499C4A500DC50D3 /* UserObj.m */; };
		26841E692499C4BE00DC50D3 /* Tool.m in Sources */ = {isa = PBXBuildFile; fileRef = 26841E652499C4BE00DC50D3 /* Tool.m */; };
		26841E6A2499C4BE00DC50D3 /* FontColor.m in Sources */ = {isa = PBXBuildFile; fileRef = 26841E662499C4BE00DC50D3 /* FontColor.m */; };
		26841E712499C54A00DC50D3 /* SLPUnderlineButton.m in Sources */ = {isa = PBXBuildFile; fileRef = 26841E6C2499C54A00DC50D3 /* SLPUnderlineButton.m */; };
		26841E722499C54A00DC50D3 /* SLPTitleValueArrowTableViewCell.xib in Resources */ = {isa = PBXBuildFile; fileRef = 26841E6E2499C54A00DC50D3 /* SLPTitleValueArrowTableViewCell.xib */; };
		26841E732499C54A00DC50D3 /* SLPTitleValueArrowTableViewCell.m in Sources */ = {isa = PBXBuildFile; fileRef = 26841E6F2499C54A00DC50D3 /* SLPTitleValueArrowTableViewCell.m */; };
		26841E7D2499C8AB00DC50D3 /* SimulateData.m in Sources */ = {isa = PBXBuildFile; fileRef = 26841E752499C8AA00DC50D3 /* SimulateData.m */; };
		26841E7E2499C8AB00DC50D3 /* DealWithData.m in Sources */ = {isa = PBXBuildFile; fileRef = 26841E772499C8AA00DC50D3 /* DealWithData.m */; };
		26841E7F2499C8AB00DC50D3 /* SimulateData+ScoreDeduction.m in Sources */ = {isa = PBXBuildFile; fileRef = 26841E7B2499C8AA00DC50D3 /* SimulateData+ScoreDeduction.m */; };
		26841E802499C8AB00DC50D3 /* UpgradeInfoObj.m in Sources */ = {isa = PBXBuildFile; fileRef = 26841E7C2499C8AA00DC50D3 /* UpgradeInfoObj.m */; };
		2684E90C2490C52E00ADF97E /* AppDelegate.swift in Sources */ = {isa = PBXBuildFile; fileRef = 2684E90B2490C52E00ADF97E /* AppDelegate.swift */; };
		2684E9132490C52E00ADF97E /* Main.storyboard in Resources */ = {isa = PBXBuildFile; fileRef = 2684E9112490C52E00ADF97E /* Main.storyboard */; };
		2684E9152490C53200ADF97E /* Assets.xcassets in Resources */ = {isa = PBXBuildFile; fileRef = 2684E9142490C53200ADF97E /* Assets.xcassets */; };
		2684E9182490C53200ADF97E /* LaunchScreen.storyboard in Resources */ = {isa = PBXBuildFile; fileRef = 2684E9162490C53200ADF97E /* LaunchScreen.storyboard */; };
		269069AA249315A30043F67B /* MainViewController.swift in Sources */ = {isa = PBXBuildFile; fileRef = 269069A8249315A30043F67B /* MainViewController.swift */; };
		269069AB249315A30043F67B /* MainViewController.xib in Resources */ = {isa = PBXBuildFile; fileRef = 269069A9249315A30043F67B /* MainViewController.xib */; };
		269069AE249315D50043F67B /* DeviceViewController.swift in Sources */ = {isa = PBXBuildFile; fileRef = 269069AC249315D50043F67B /* DeviceViewController.swift */; };
		269069AF249315D50043F67B /* DeviceViewController.xib in Resources */ = {isa = PBXBuildFile; fileRef = 269069AD249315D50043F67B /* DeviceViewController.xib */; };
		269069B2249315E40043F67B /* ReportViewController.swift in Sources */ = {isa = PBXBuildFile; fileRef = 269069B0249315E40043F67B /* ReportViewController.swift */; };
		269069B3249315E40043F67B /* ReportViewController.xib in Resources */ = {isa = PBXBuildFile; fileRef = 269069B1249315E40043F67B /* ReportViewController.xib */; };
		269069B6249316400043F67B /* LoginViewController.swift in Sources */ = {isa = PBXBuildFile; fileRef = 269069B4249316400043F67B /* LoginViewController.swift */; };
		269069B7249316400043F67B /* LoginViewController.xib in Resources */ = {isa = PBXBuildFile; fileRef = 269069B5249316400043F67B /* LoginViewController.xib */; };
		269069C024937F990043F67B /* Localizable.strings in Resources */ = {isa = PBXBuildFile; fileRef = 269069C224937F990043F67B /* Localizable.strings */; };
		26B0A7C924B575E500095301 /* control@2x.png in Resources */ = {isa = PBXBuildFile; fileRef = 26B0A7C324B575E400095301 /* control@2x.png */; };
		26B0A7CA24B575E500095301 /* data@3x.png in Resources */ = {isa = PBXBuildFile; fileRef = 26B0A7C424B575E400095301 /* data@3x.png */; };
		26B0A7CB24B575E500095301 /* control@3x.png in Resources */ = {isa = PBXBuildFile; fileRef = 26B0A7C524B575E500095301 /* control@3x.png */; };
		26B0A7CC24B575E500095301 /* data@2x.png in Resources */ = {isa = PBXBuildFile; fileRef = 26B0A7C624B575E500095301 /* data@2x.png */; };
		26B0A7CD24B575E500095301 /* home@2x.png in Resources */ = {isa = PBXBuildFile; fileRef = 26B0A7C724B575E500095301 /* home@2x.png */; };
		26B0A7CE24B575E500095301 /* home@3x.png in Resources */ = {isa = PBXBuildFile; fileRef = 26B0A7C824B575E500095301 /* home@3x.png */; };
		26B0A7D524B5C7F600095301 /* sdk_index_icon_z400twp_2@3x.png in Resources */ = {isa = PBXBuildFile; fileRef = 26B0A7D324B5C7F600095301 /* sdk_index_icon_z400twp_2@3x.png */; };
		26B0A7D624B5C7F600095301 /* sdk_index_icon_z400twp_2@2x.png in Resources */ = {isa = PBXBuildFile; fileRef = 26B0A7D424B5C7F600095301 /* sdk_index_icon_z400twp_2@2x.png */; };
		26B0A7E224B5C83200095301 /* icon-28.png in Resources */ = {isa = PBXBuildFile; fileRef = 26B0A7D824B5C83200095301 /* icon-28.png */; };
		26B0A7E324B5C83200095301 /* icon-108.png in Resources */ = {isa = PBXBuildFile; fileRef = 26B0A7D924B5C83200095301 /* icon-108.png */; };
		26B0A7E424B5C83200095301 /* Icon-Small.png in Resources */ = {isa = PBXBuildFile; fileRef = 26B0A7DA24B5C83200095301 /* Icon-Small.png */; };
		26B0A7E524B5C83200095301 /* icon-60@3x.png in Resources */ = {isa = PBXBuildFile; fileRef = 26B0A7DB24B5C83200095301 /* icon-60@3x.png */; };
		26B0A7E624B5C83200095301 /* icon-60.png in Resources */ = {isa = PBXBuildFile; fileRef = 26B0A7DC24B5C83200095301 /* icon-60.png */; };
		26B0A7E724B5C83200095301 /* icon-1024.png in Resources */ = {isa = PBXBuildFile; fileRef = 26B0A7DD24B5C83200095301 /* icon-1024.png */; };
		26B0A7E824B5C83200095301 /* Icon-Small-40@2x.png in Resources */ = {isa = PBXBuildFile; fileRef = 26B0A7DE24B5C83200095301 /* Icon-Small-40@2x.png */; };
		26B0A7E924B5C83200095301 /* icon-60@2x.png in Resources */ = {isa = PBXBuildFile; fileRef = 26B0A7DF24B5C83200095301 /* icon-60@2x.png */; };
		26B0A7EA24B5C83200095301 /* Icon-Small@3x.png in Resources */ = {isa = PBXBuildFile; fileRef = 26B0A7E024B5C83200095301 /* Icon-Small@3x.png */; };
		26B0A7EB24B5C83200095301 /* Icon-Small@2x.png in Resources */ = {isa = PBXBuildFile; fileRef = 26B0A7E124B5C83200095301 /* Icon-Small@2x.png */; };
		26D4CF8C24B2B3B40001821B /* MBProgressHUD.m in Sources */ = {isa = PBXBuildFile; fileRef = 26D4CF8824B2B3B40001821B /* MBProgressHUD.m */; };
		26D4CF8D24B2B3B40001821B /* LICENSE in Resources */ = {isa = PBXBuildFile; fileRef = 26D4CF8924B2B3B40001821B /* LICENSE */; };
		26D4CF8E24B2B3B40001821B /* README.mdown in Resources */ = {isa = PBXBuildFile; fileRef = 26D4CF8B24B2B3B40001821B /* README.mdown */; };
		933AFEC554604C943A2D19EA /* libPods-Swift_TWPSDKDemo.a in Frameworks */ = {isa = PBXBuildFile; fileRef = E31AF717090B68D496220151 /* libPods-Swift_TWPSDKDemo.a */; };
/* End PBXBuildFile section */

/* Begin PBXFileReference section */
		268329502492428D0032F3F4 /* SLPCommon.framework */ = {isa = PBXFileReference; lastKnownFileType = wrapper.framework; path = SLPCommon.framework; sourceTree = "<group>"; };
		268329512492428D0032F3F4 /* SLPTCP.framework */ = {isa = PBXFileReference; lastKnownFileType = wrapper.framework; path = SLPTCP.framework; sourceTree = "<group>"; };
		26841E222499C40500DC50D3 /* Swift_TWPSDKDemo-Bridging-Header.h */ = {isa = PBXFileReference; lastKnownFileType = sourcecode.c.h; path = "Swift_TWPSDKDemo-Bridging-Header.h"; sourceTree = "<group>"; };
		26841E232499C40600DC50D3 /* DataViewController.xib */ = {isa = PBXFileReference; fileEncoding = 4; lastKnownFileType = file.xib; path = DataViewController.xib; sourceTree = "<group>"; };
		26841E242499C40600DC50D3 /* DataViewController.h */ = {isa = PBXFileReference; fileEncoding = 4; lastKnownFileType = sourcecode.c.h; path = DataViewController.h; sourceTree = "<group>"; };
		26841E252499C40600DC50D3 /* DataViewController.m */ = {isa = PBXFileReference; fileEncoding = 4; lastKnownFileType = sourcecode.c.objc; path = DataViewController.m; sourceTree = "<group>"; };
		26841E292499C4A500DC50D3 /* HeartCurveView.h */ = {isa = PBXFileReference; fileEncoding = 4; lastKnownFileType = sourcecode.c.h; path = HeartCurveView.h; sourceTree = "<group>"; };
		26841E2A2499C4A500DC50D3 /* UserObj.h */ = {isa = PBXFileReference; fileEncoding = 4; lastKnownFileType = sourcecode.c.h; path = UserObj.h; sourceTree = "<group>"; };
		26841E2B2499C4A500DC50D3 /* FixTimeView.h */ = {isa = PBXFileReference; fileEncoding = 4; lastKnownFileType = sourcecode.c.h; path = FixTimeView.h; sourceTree = "<group>"; };
		26841E2C2499C4A500DC50D3 /* FixView.h */ = {isa = PBXFileReference; fileEncoding = 4; lastKnownFileType = sourcecode.c.h; path = FixView.h; sourceTree = "<group>"; };
		26841E2D2499C4A500DC50D3 /* ToolKit.h */ = {isa = PBXFileReference; fileEncoding = 4; lastKnownFileType = sourcecode.c.h; path = ToolKit.h; sourceTree = "<group>"; };
		26841E2E2499C4A500DC50D3 /* Define.h */ = {isa = PBXFileReference; fileEncoding = 4; lastKnownFileType = sourcecode.c.h; path = Define.h; sourceTree = "<group>"; };
		26841E2F2499C4A500DC50D3 /* SleepView.m */ = {isa = PBXFileReference; fileEncoding = 4; lastKnownFileType = sourcecode.c.objc; path = SleepView.m; sourceTree = "<group>"; };
		26841E302499C4A500DC50D3 /* FixView.m */ = {isa = PBXFileReference; fileEncoding = 4; lastKnownFileType = sourcecode.c.objc; path = FixView.m; sourceTree = "<group>"; };
		26841E322499C4A500DC50D3 /* NSObject+SBJson.m */ = {isa = PBXFileReference; fileEncoding = 4; lastKnownFileType = sourcecode.c.objc; path = "NSObject+SBJson.m"; sourceTree = "<group>"; };
		26841E332499C4A500DC50D3 /* SBJsonStreamParserState.h */ = {isa = PBXFileReference; fileEncoding = 4; lastKnownFileType = sourcecode.c.h; path = SBJsonStreamParserState.h; sourceTree = "<group>"; };
		26841E342499C4A500DC50D3 /* SBJsonUTF8Stream.h */ = {isa = PBXFileReference; fileEncoding = 4; lastKnownFileType = sourcecode.c.h; path = SBJsonUTF8Stream.h; sourceTree = "<group>"; };
		26841E352499C4A500DC50D3 /* SBJsonStreamWriterAccumulator.h */ = {isa = PBXFileReference; fileEncoding = 4; lastKnownFileType = sourcecode.c.h; path = SBJsonStreamWriterAccumulator.h; sourceTree = "<group>"; };
		26841E362499C4A500DC50D3 /* SBJsonStreamParserAdapter.h */ = {isa = PBXFileReference; fileEncoding = 4; lastKnownFileType = sourcecode.c.h; path = SBJsonStreamParserAdapter.h; sourceTree = "<group>"; };
		26841E372499C4A500DC50D3 /* SBJsonStreamWriter.h */ = {isa = PBXFileReference; fileEncoding = 4; lastKnownFileType = sourcecode.c.h; path = SBJsonStreamWriter.h; sourceTree = "<group>"; };
		26841E382499C4A500DC50D3 /* SBJsonWriter.h */ = {isa = PBXFileReference; fileEncoding = 4; lastKnownFileType = sourcecode.c.h; path = SBJsonWriter.h; sourceTree = "<group>"; };
		26841E392499C4A500DC50D3 /* SBJsonStreamWriterState.h */ = {isa = PBXFileReference; fileEncoding = 4; lastKnownFileType = sourcecode.c.h; path = SBJsonStreamWriterState.h; sourceTree = "<group>"; };
		26841E3A2499C4A500DC50D3 /* SBJsonTokeniser.h */ = {isa = PBXFileReference; fileEncoding = 4; lastKnownFileType = sourcecode.c.h; path = SBJsonTokeniser.h; sourceTree = "<group>"; };
		26841E3B2499C4A500DC50D3 /* SBJsonStreamParser.m */ = {isa = PBXFileReference; fileEncoding = 4; lastKnownFileType = sourcecode.c.objc; path = SBJsonStreamParser.m; sourceTree = "<group>"; };
		26841E3C2499C4A500DC50D3 /* SBJsonParser.m */ = {isa = PBXFileReference; fileEncoding = 4; lastKnownFileType = sourcecode.c.objc; path = SBJsonParser.m; sourceTree = "<group>"; };
		26841E3D2499C4A500DC50D3 /* SBJsonStreamParserAccumulator.m */ = {isa = PBXFileReference; fileEncoding = 4; lastKnownFileType = sourcecode.c.objc; path = SBJsonStreamParserAccumulator.m; sourceTree = "<group>"; };
		26841E3E2499C4A500DC50D3 /* SBJson.m */ = {isa = PBXFileReference; fileEncoding = 4; lastKnownFileType = sourcecode.c.objc; path = SBJson.m; sourceTree = "<group>"; };
		26841E3F2499C4A500DC50D3 /* SBJsonUTF8Stream.m */ = {isa = PBXFileReference; fileEncoding = 4; lastKnownFileType = sourcecode.c.objc; path = SBJsonUTF8Stream.m; sourceTree = "<group>"; };
		26841E402499C4A500DC50D3 /* SBJsonStreamParserState.m */ = {isa = PBXFileReference; fileEncoding = 4; lastKnownFileType = sourcecode.c.objc; path = SBJsonStreamParserState.m; sourceTree = "<group>"; };
		26841E412499C4A500DC50D3 /* NSObject+SBJson.h */ = {isa = PBXFileReference; fileEncoding = 4; lastKnownFileType = sourcecode.c.h; path = "NSObject+SBJson.h"; sourceTree = "<group>"; };
		26841E422499C4A500DC50D3 /* SBJsonWriter.m */ = {isa = PBXFileReference; fileEncoding = 4; lastKnownFileType = sourcecode.c.objc; path = SBJsonWriter.m; sourceTree = "<group>"; };
		26841E432499C4A500DC50D3 /* SBJsonStreamWriter.m */ = {isa = PBXFileReference; fileEncoding = 4; lastKnownFileType = sourcecode.c.objc; path = SBJsonStreamWriter.m; sourceTree = "<group>"; };
		26841E442499C4A500DC50D3 /* SBJsonStreamParserAdapter.m */ = {isa = PBXFileReference; fileEncoding = 4; lastKnownFileType = sourcecode.c.objc; path = SBJsonStreamParserAdapter.m; sourceTree = "<group>"; };
		26841E452499C4A500DC50D3 /* SBJsonStreamWriterAccumulator.m */ = {isa = PBXFileReference; fileEncoding = 4; lastKnownFileType = sourcecode.c.objc; path = SBJsonStreamWriterAccumulator.m; sourceTree = "<group>"; };
		26841E462499C4A500DC50D3 /* SBJsonParser.h */ = {isa = PBXFileReference; fileEncoding = 4; lastKnownFileType = sourcecode.c.h; path = SBJsonParser.h; sourceTree = "<group>"; };
		26841E472499C4A500DC50D3 /* SBJsonStreamParser.h */ = {isa = PBXFileReference; fileEncoding = 4; lastKnownFileType = sourcecode.c.h; path = SBJsonStreamParser.h; sourceTree = "<group>"; };
		26841E482499C4A500DC50D3 /* SBJsonStreamWriterState.m */ = {isa = PBXFileReference; fileEncoding = 4; lastKnownFileType = sourcecode.c.objc; path = SBJsonStreamWriterState.m; sourceTree = "<group>"; };
		26841E492499C4A500DC50D3 /* SBJsonTokeniser.m */ = {isa = PBXFileReference; fileEncoding = 4; lastKnownFileType = sourcecode.c.objc; path = SBJsonTokeniser.m; sourceTree = "<group>"; };
		26841E4A2499C4A500DC50D3 /* SBJson.h */ = {isa = PBXFileReference; fileEncoding = 4; lastKnownFileType = sourcecode.c.h; path = SBJson.h; sourceTree = "<group>"; };
		26841E4B2499C4A500DC50D3 /* SBJsonStreamParserAccumulator.h */ = {isa = PBXFileReference; fileEncoding = 4; lastKnownFileType = sourcecode.c.h; path = SBJsonStreamParserAccumulator.h; sourceTree = "<group>"; };
		26841E4C2499C4A500DC50D3 /* ToolKit.m */ = {isa = PBXFileReference; fileEncoding = 4; lastKnownFileType = sourcecode.c.objc; path = ToolKit.m; sourceTree = "<group>"; };
		26841E4D2499C4A500DC50D3 /* FixTimeView.m */ = {isa = PBXFileReference; fileEncoding = 4; lastKnownFileType = sourcecode.c.objc; path = FixTimeView.m; sourceTree = "<group>"; };
		26841E4E2499C4A500DC50D3 /* HeartCurveView.m */ = {isa = PBXFileReference; fileEncoding = 4; lastKnownFileType = sourcecode.c.objc; path = HeartCurveView.m; sourceTree = "<group>"; };
		26841E4F2499C4A500DC50D3 /* UserObj.m */ = {isa = PBXFileReference; fileEncoding = 4; lastKnownFileType = sourcecode.c.objc; path = UserObj.m; sourceTree = "<group>"; };
		26841E502499C4A500DC50D3 /* SleepView.h */ = {isa = PBXFileReference; fileEncoding = 4; lastKnownFileType = sourcecode.c.h; path = SleepView.h; sourceTree = "<group>"; };
		26841E652499C4BE00DC50D3 /* Tool.m */ = {isa = PBXFileReference; fileEncoding = 4; lastKnownFileType = sourcecode.c.objc; path = Tool.m; sourceTree = "<group>"; };
		26841E662499C4BE00DC50D3 /* FontColor.m */ = {isa = PBXFileReference; fileEncoding = 4; lastKnownFileType = sourcecode.c.objc; path = FontColor.m; sourceTree = "<group>"; };
		26841E672499C4BE00DC50D3 /* FontColor.h */ = {isa = PBXFileReference; fileEncoding = 4; lastKnownFileType = sourcecode.c.h; path = FontColor.h; sourceTree = "<group>"; };
		26841E682499C4BE00DC50D3 /* Tool.h */ = {isa = PBXFileReference; fileEncoding = 4; lastKnownFileType = sourcecode.c.h; path = Tool.h; sourceTree = "<group>"; };
		26841E6C2499C54A00DC50D3 /* SLPUnderlineButton.m */ = {isa = PBXFileReference; fileEncoding = 4; lastKnownFileType = sourcecode.c.objc; path = SLPUnderlineButton.m; sourceTree = "<group>"; };
		26841E6D2499C54A00DC50D3 /* SLPTitleValueArrowTableViewCell.h */ = {isa = PBXFileReference; fileEncoding = 4; lastKnownFileType = sourcecode.c.h; path = SLPTitleValueArrowTableViewCell.h; sourceTree = "<group>"; };
		26841E6E2499C54A00DC50D3 /* SLPTitleValueArrowTableViewCell.xib */ = {isa = PBXFileReference; fileEncoding = 4; lastKnownFileType = file.xib; path = SLPTitleValueArrowTableViewCell.xib; sourceTree = "<group>"; };
		26841E6F2499C54A00DC50D3 /* SLPTitleValueArrowTableViewCell.m */ = {isa = PBXFileReference; fileEncoding = 4; lastKnownFileType = sourcecode.c.objc; path = SLPTitleValueArrowTableViewCell.m; sourceTree = "<group>"; };
		26841E702499C54A00DC50D3 /* SLPUnderlineButton.h */ = {isa = PBXFileReference; fileEncoding = 4; lastKnownFileType = sourcecode.c.h; path = SLPUnderlineButton.h; sourceTree = "<group>"; };
		26841E752499C8AA00DC50D3 /* SimulateData.m */ = {isa = PBXFileReference; fileEncoding = 4; lastKnownFileType = sourcecode.c.objc; path = SimulateData.m; sourceTree = "<group>"; };
		26841E762499C8AA00DC50D3 /* SimulateData+ScoreDeduction.h */ = {isa = PBXFileReference; fileEncoding = 4; lastKnownFileType = sourcecode.c.h; path = "SimulateData+ScoreDeduction.h"; sourceTree = "<group>"; };
		26841E772499C8AA00DC50D3 /* DealWithData.m */ = {isa = PBXFileReference; fileEncoding = 4; lastKnownFileType = sourcecode.c.objc; path = DealWithData.m; sourceTree = "<group>"; };
		26841E782499C8AA00DC50D3 /* UpgradeInfoObj.h */ = {isa = PBXFileReference; fileEncoding = 4; lastKnownFileType = sourcecode.c.h; path = UpgradeInfoObj.h; sourceTree = "<group>"; };
		26841E792499C8AA00DC50D3 /* SimulateData.h */ = {isa = PBXFileReference; fileEncoding = 4; lastKnownFileType = sourcecode.c.h; path = SimulateData.h; sourceTree = "<group>"; };
		26841E7A2499C8AA00DC50D3 /* DealWithData.h */ = {isa = PBXFileReference; fileEncoding = 4; lastKnownFileType = sourcecode.c.h; path = DealWithData.h; sourceTree = "<group>"; };
		26841E7B2499C8AA00DC50D3 /* SimulateData+ScoreDeduction.m */ = {isa = PBXFileReference; fileEncoding = 4; lastKnownFileType = sourcecode.c.objc; path = "SimulateData+ScoreDeduction.m"; sourceTree = "<group>"; };
		26841E7C2499C8AA00DC50D3 /* UpgradeInfoObj.m */ = {isa = PBXFileReference; fileEncoding = 4; lastKnownFileType = sourcecode.c.objc; path = UpgradeInfoObj.m; sourceTree = "<group>"; };
		2684E9082490C52E00ADF97E /* Z400TWP_3_SDK.app */ = {isa = PBXFileReference; explicitFileType = wrapper.application; includeInIndex = 0; path = Z400TWP_3_SDK.app; sourceTree = BUILT_PRODUCTS_DIR; };
		2684E90B2490C52E00ADF97E /* AppDelegate.swift */ = {isa = PBXFileReference; lastKnownFileType = sourcecode.swift; path = AppDelegate.swift; sourceTree = "<group>"; };
		2684E9122490C52E00ADF97E /* Base */ = {isa = PBXFileReference; lastKnownFileType = file.storyboard; name = Base; path = Base.lproj/Main.storyboard; sourceTree = "<group>"; };
		2684E9142490C53200ADF97E /* Assets.xcassets */ = {isa = PBXFileReference; lastKnownFileType = folder.assetcatalog; path = Assets.xcassets; sourceTree = "<group>"; };
		2684E9172490C53200ADF97E /* Base */ = {isa = PBXFileReference; lastKnownFileType = file.storyboard; name = Base; path = Base.lproj/LaunchScreen.storyboard; sourceTree = "<group>"; };
		2684E9192490C53200ADF97E /* Info.plist */ = {isa = PBXFileReference; lastKnownFileType = text.plist.xml; path = Info.plist; sourceTree = "<group>"; };
		269069A8249315A30043F67B /* MainViewController.swift */ = {isa = PBXFileReference; lastKnownFileType = sourcecode.swift; path = MainViewController.swift; sourceTree = "<group>"; };
		269069A9249315A30043F67B /* MainViewController.xib */ = {isa = PBXFileReference; lastKnownFileType = file.xib; path = MainViewController.xib; sourceTree = "<group>"; };
		269069AC249315D50043F67B /* DeviceViewController.swift */ = {isa = PBXFileReference; lastKnownFileType = sourcecode.swift; path = DeviceViewController.swift; sourceTree = "<group>"; };
		269069AD249315D50043F67B /* DeviceViewController.xib */ = {isa = PBXFileReference; lastKnownFileType = file.xib; path = DeviceViewController.xib; sourceTree = "<group>"; };
		269069B0249315E40043F67B /* ReportViewController.swift */ = {isa = PBXFileReference; lastKnownFileType = sourcecode.swift; path = ReportViewController.swift; sourceTree = "<group>"; };
		269069B1249315E40043F67B /* ReportViewController.xib */ = {isa = PBXFileReference; lastKnownFileType = file.xib; path = ReportViewController.xib; sourceTree = "<group>"; };
		269069B4249316400043F67B /* LoginViewController.swift */ = {isa = PBXFileReference; lastKnownFileType = sourcecode.swift; path = LoginViewController.swift; sourceTree = "<group>"; };
		269069B5249316400043F67B /* LoginViewController.xib */ = {isa = PBXFileReference; lastKnownFileType = file.xib; path = LoginViewController.xib; sourceTree = "<group>"; };
		269069BE24937F740043F67B /* zh-Hans */ = {isa = PBXFileReference; lastKnownFileType = text.plist.strings; name = "zh-Hans"; path = "zh-Hans.lproj/Main.strings"; sourceTree = "<group>"; };
		269069BF24937F750043F67B /* zh-Hans */ = {isa = PBXFileReference; lastKnownFileType = text.plist.strings; name = "zh-Hans"; path = "zh-Hans.lproj/LaunchScreen.strings"; sourceTree = "<group>"; };
		269069C124937F990043F67B /* en */ = {isa = PBXFileReference; lastKnownFileType = text.plist.strings; name = en; path = en.lproj/Localizable.strings; sourceTree = "<group>"; };
		269069C624937FD10043F67B /* zh-Hans */ = {isa = PBXFileReference; lastKnownFileType = text.plist.strings; name = "zh-Hans"; path = "zh-Hans.lproj/Localizable.strings"; sourceTree = "<group>"; };
		26B0A7C324B575E400095301 /* control@2x.png */ = {isa = PBXFileReference; lastKnownFileType = image.png; path = "control@2x.png"; sourceTree = "<group>"; };
		26B0A7C424B575E400095301 /* data@3x.png */ = {isa = PBXFileReference; lastKnownFileType = image.png; path = "data@3x.png"; sourceTree = "<group>"; };
		26B0A7C524B575E500095301 /* control@3x.png */ = {isa = PBXFileReference; lastKnownFileType = image.png; path = "control@3x.png"; sourceTree = "<group>"; };
		26B0A7C624B575E500095301 /* data@2x.png */ = {isa = PBXFileReference; lastKnownFileType = image.png; path = "data@2x.png"; sourceTree = "<group>"; };
		26B0A7C724B575E500095301 /* home@2x.png */ = {isa = PBXFileReference; lastKnownFileType = image.png; path = "home@2x.png"; sourceTree = "<group>"; };
		26B0A7C824B575E500095301 /* home@3x.png */ = {isa = PBXFileReference; lastKnownFileType = image.png; path = "home@3x.png"; sourceTree = "<group>"; };
		26B0A7D324B5C7F600095301 /* sdk_index_icon_z400twp_2@3x.png */ = {isa = PBXFileReference; lastKnownFileType = image.png; path = "sdk_index_icon_z400twp_2@3x.png"; sourceTree = "<group>"; };
		26B0A7D424B5C7F600095301 /* sdk_index_icon_z400twp_2@2x.png */ = {isa = PBXFileReference; lastKnownFileType = image.png; path = "sdk_index_icon_z400twp_2@2x.png"; sourceTree = "<group>"; };
		26B0A7D824B5C83200095301 /* icon-28.png */ = {isa = PBXFileReference; lastKnownFileType = image.png; path = "icon-28.png"; sourceTree = "<group>"; };
		26B0A7D924B5C83200095301 /* icon-108.png */ = {isa = PBXFileReference; lastKnownFileType = image.png; path = "icon-108.png"; sourceTree = "<group>"; };
		26B0A7DA24B5C83200095301 /* Icon-Small.png */ = {isa = PBXFileReference; lastKnownFileType = image.png; path = "Icon-Small.png"; sourceTree = "<group>"; };
		26B0A7DB24B5C83200095301 /* icon-60@3x.png */ = {isa = PBXFileReference; lastKnownFileType = image.png; path = "icon-60@3x.png"; sourceTree = "<group>"; };
		26B0A7DC24B5C83200095301 /* icon-60.png */ = {isa = PBXFileReference; lastKnownFileType = image.png; path = "icon-60.png"; sourceTree = "<group>"; };
		26B0A7DD24B5C83200095301 /* icon-1024.png */ = {isa = PBXFileReference; lastKnownFileType = image.png; path = "icon-1024.png"; sourceTree = "<group>"; };
		26B0A7DE24B5C83200095301 /* Icon-Small-40@2x.png */ = {isa = PBXFileReference; lastKnownFileType = image.png; path = "Icon-Small-40@2x.png"; sourceTree = "<group>"; };
		26B0A7DF24B5C83200095301 /* icon-60@2x.png */ = {isa = PBXFileReference; lastKnownFileType = image.png; path = "icon-60@2x.png"; sourceTree = "<group>"; };
		26B0A7E024B5C83200095301 /* Icon-Small@3x.png */ = {isa = PBXFileReference; lastKnownFileType = image.png; path = "Icon-Small@3x.png"; sourceTree = "<group>"; };
		26B0A7E124B5C83200095301 /* Icon-Small@2x.png */ = {isa = PBXFileReference; lastKnownFileType = image.png; path = "Icon-Small@2x.png"; sourceTree = "<group>"; };
		26D4CF8824B2B3B40001821B /* MBProgressHUD.m */ = {isa = PBXFileReference; fileEncoding = 4; lastKnownFileType = sourcecode.c.objc; path = MBProgressHUD.m; sourceTree = "<group>"; };
		26D4CF8924B2B3B40001821B /* LICENSE */ = {isa = PBXFileReference; fileEncoding = 4; lastKnownFileType = text; path = LICENSE; sourceTree = "<group>"; };
		26D4CF8A24B2B3B40001821B /* MBProgressHUD.h */ = {isa = PBXFileReference; fileEncoding = 4; lastKnownFileType = sourcecode.c.h; path = MBProgressHUD.h; sourceTree = "<group>"; };
		26D4CF8B24B2B3B40001821B /* README.mdown */ = {isa = PBXFileReference; fileEncoding = 4; lastKnownFileType = net.daringfireball.markdown; path = README.mdown; sourceTree = "<group>"; };
		4A6685A45DCB1F94F3AF82F7 /* Pods-Swift_TWPSDKDemo.debug.xcconfig */ = {isa = PBXFileReference; includeInIndex = 1; lastKnownFileType = text.xcconfig; name = "Pods-Swift_TWPSDKDemo.debug.xcconfig"; path = "Target Support Files/Pods-Swift_TWPSDKDemo/Pods-Swift_TWPSDKDemo.debug.xcconfig"; sourceTree = "<group>"; };
		6E7E45729FDAB5A773D8B890 /* Pods-Swift_TWPSDKDemo.release.xcconfig */ = {isa = PBXFileReference; includeInIndex = 1; lastKnownFileType = text.xcconfig; name = "Pods-Swift_TWPSDKDemo.release.xcconfig"; path = "Target Support Files/Pods-Swift_TWPSDKDemo/Pods-Swift_TWPSDKDemo.release.xcconfig"; sourceTree = "<group>"; };
		E31AF717090B68D496220151 /* libPods-Swift_TWPSDKDemo.a */ = {isa = PBXFileReference; explicitFileType = archive.ar; includeInIndex = 0; path = "libPods-Swift_TWPSDKDemo.a"; sourceTree = BUILT_PRODUCTS_DIR; };
/* End PBXFileReference section */

/* Begin PBXFrameworksBuildPhase section */
		2684E9052490C52E00ADF97E /* Frameworks */ = {
			isa = PBXFrameworksBuildPhase;
			buildActionMask = 2147483647;
			files = (
				268329532492428E0032F3F4 /* SLPTCP.framework in Frameworks */,
				268329522492428E0032F3F4 /* SLPCommon.framework in Frameworks */,
				933AFEC554604C943A2D19EA /* libPods-Swift_TWPSDKDemo.a in Frameworks */,
			);
			runOnlyForDeploymentPostprocessing = 0;
		};
/* End PBXFrameworksBuildPhase section */

/* Begin PBXGroup section */
		26841E282499C4A500DC50D3 /* Curvive */ = {
			isa = PBXGroup;
			children = (
				26841E2E2499C4A500DC50D3 /* Define.h */,
				26841E2B2499C4A500DC50D3 /* FixTimeView.h */,
				26841E4D2499C4A500DC50D3 /* FixTimeView.m */,
				26841E2C2499C4A500DC50D3 /* FixView.h */,
				26841E302499C4A500DC50D3 /* FixView.m */,
				26841E292499C4A500DC50D3 /* HeartCurveView.h */,
				26841E4E2499C4A500DC50D3 /* HeartCurveView.m */,
				26841E312499C4A500DC50D3 /* SBJSON */,
				26841E502499C4A500DC50D3 /* SleepView.h */,
				26841E2F2499C4A500DC50D3 /* SleepView.m */,
				26841E2D2499C4A500DC50D3 /* ToolKit.h */,
				26841E4C2499C4A500DC50D3 /* ToolKit.m */,
				26841E2A2499C4A500DC50D3 /* UserObj.h */,
				26841E4F2499C4A500DC50D3 /* UserObj.m */,
			);
			path = Curvive;
			sourceTree = "<group>";
		};
		26841E312499C4A500DC50D3 /* SBJSON */ = {
			isa = PBXGroup;
			children = (
				26841E322499C4A500DC50D3 /* NSObject+SBJson.m */,
				26841E332499C4A500DC50D3 /* SBJsonStreamParserState.h */,
				26841E342499C4A500DC50D3 /* SBJsonUTF8Stream.h */,
				26841E352499C4A500DC50D3 /* SBJsonStreamWriterAccumulator.h */,
				26841E362499C4A500DC50D3 /* SBJsonStreamParserAdapter.h */,
				26841E372499C4A500DC50D3 /* SBJsonStreamWriter.h */,
				26841E382499C4A500DC50D3 /* SBJsonWriter.h */,
				26841E392499C4A500DC50D3 /* SBJsonStreamWriterState.h */,
				26841E3A2499C4A500DC50D3 /* SBJsonTokeniser.h */,
				26841E3B2499C4A500DC50D3 /* SBJsonStreamParser.m */,
				26841E3C2499C4A500DC50D3 /* SBJsonParser.m */,
				26841E3D2499C4A500DC50D3 /* SBJsonStreamParserAccumulator.m */,
				26841E3E2499C4A500DC50D3 /* SBJson.m */,
				26841E3F2499C4A500DC50D3 /* SBJsonUTF8Stream.m */,
				26841E402499C4A500DC50D3 /* SBJsonStreamParserState.m */,
				26841E412499C4A500DC50D3 /* NSObject+SBJson.h */,
				26841E422499C4A500DC50D3 /* SBJsonWriter.m */,
				26841E432499C4A500DC50D3 /* SBJsonStreamWriter.m */,
				26841E442499C4A500DC50D3 /* SBJsonStreamParserAdapter.m */,
				26841E452499C4A500DC50D3 /* SBJsonStreamWriterAccumulator.m */,
				26841E462499C4A500DC50D3 /* SBJsonParser.h */,
				26841E472499C4A500DC50D3 /* SBJsonStreamParser.h */,
				26841E482499C4A500DC50D3 /* SBJsonStreamWriterState.m */,
				26841E492499C4A500DC50D3 /* SBJsonTokeniser.m */,
				26841E4A2499C4A500DC50D3 /* SBJson.h */,
				26841E4B2499C4A500DC50D3 /* SBJsonStreamParserAccumulator.h */,
			);
			path = SBJSON;
			sourceTree = "<group>";
		};
		26841E642499C4BE00DC50D3 /* Tool */ = {
			isa = PBXGroup;
			children = (
				26841E672499C4BE00DC50D3 /* FontColor.h */,
				26841E662499C4BE00DC50D3 /* FontColor.m */,
				26841E682499C4BE00DC50D3 /* Tool.h */,
				26841E652499C4BE00DC50D3 /* Tool.m */,
			);
			path = Tool;
			sourceTree = "<group>";
		};
		26841E6B2499C54A00DC50D3 /* CommonUI */ = {
			isa = PBXGroup;
			children = (
				26841E6D2499C54A00DC50D3 /* SLPTitleValueArrowTableViewCell.h */,
				26841E6F2499C54A00DC50D3 /* SLPTitleValueArrowTableViewCell.m */,
				26841E6E2499C54A00DC50D3 /* SLPTitleValueArrowTableViewCell.xib */,
				26841E702499C54A00DC50D3 /* SLPUnderlineButton.h */,
				26841E6C2499C54A00DC50D3 /* SLPUnderlineButton.m */,
			);
			path = CommonUI;
			sourceTree = "<group>";
		};
		26841E742499C8AA00DC50D3 /* Data */ = {
			isa = PBXGroup;
			children = (
				26841E7A2499C8AA00DC50D3 /* DealWithData.h */,
				26841E772499C8AA00DC50D3 /* DealWithData.m */,
				26841E792499C8AA00DC50D3 /* SimulateData.h */,
				26841E752499C8AA00DC50D3 /* SimulateData.m */,
				26841E762499C8AA00DC50D3 /* SimulateData+ScoreDeduction.h */,
				26841E7B2499C8AA00DC50D3 /* SimulateData+ScoreDeduction.m */,
				26841E782499C8AA00DC50D3 /* UpgradeInfoObj.h */,
				26841E7C2499C8AA00DC50D3 /* UpgradeInfoObj.m */,
			);
			path = Data;
			sourceTree = "<group>";
		};
		2684E8FF2490C52E00ADF97E = {
			isa = PBXGroup;
			children = (
				2684E90A2490C52E00ADF97E /* Swift_TWPSDKDemo */,
				2684E9092490C52E00ADF97E /* Products */,
				8C5B265D1CF161EB3850156A /* Pods */,
				49FBEA6B0BCA4FF888B9102D /* Frameworks */,
			);
			sourceTree = "<group>";
		};
		2684E9092490C52E00ADF97E /* Products */ = {
			isa = PBXGroup;
			children = (
				2684E9082490C52E00ADF97E /* Z400TWP_3_SDK.app */,
			);
			name = Products;
			sourceTree = "<group>";
		};
		2684E90A2490C52E00ADF97E /* Swift_TWPSDKDemo */ = {
			isa = PBXGroup;
			children = (
				26D4CF8724B2B3B40001821B /* MBProgressHUD */,
				268329502492428D0032F3F4 /* SLPCommon.framework */,
				268329512492428D0032F3F4 /* SLPTCP.framework */,
				2684E90B2490C52E00ADF97E /* AppDelegate.swift */,
				269069A8249315A30043F67B /* MainViewController.swift */,
				269069A9249315A30043F67B /* MainViewController.xib */,
				269069B4249316400043F67B /* LoginViewController.swift */,
				269069B5249316400043F67B /* LoginViewController.xib */,
				269069AC249315D50043F67B /* DeviceViewController.swift */,
				269069AD249315D50043F67B /* DeviceViewController.xib */,
				269069B0249315E40043F67B /* ReportViewController.swift */,
				269069B1249315E40043F67B /* ReportViewController.xib */,
				26841E242499C40600DC50D3 /* DataViewController.h */,
				26841E252499C40600DC50D3 /* DataViewController.m */,
				26841E232499C40600DC50D3 /* DataViewController.xib */,
				26841E742499C8AA00DC50D3 /* Data */,
				26841E6B2499C54A00DC50D3 /* CommonUI */,
				26841E642499C4BE00DC50D3 /* Tool */,
				26841E282499C4A500DC50D3 /* Curvive */,
				2684E9112490C52E00ADF97E /* Main.storyboard */,
				2684E9142490C53200ADF97E /* Assets.xcassets */,
				2684E9162490C53200ADF97E /* LaunchScreen.storyboard */,
				2684E9192490C53200ADF97E /* Info.plist */,
				269069C224937F990043F67B /* Localizable.strings */,
				26B0A7D424B5C7F600095301 /* sdk_index_icon_z400twp_2@2x.png */,
				26B0A7D324B5C7F600095301 /* sdk_index_icon_z400twp_2@3x.png */,
				26B0A7C324B575E400095301 /* control@2x.png */,
				26B0A7C524B575E500095301 /* control@3x.png */,
				26B0A7C624B575E500095301 /* data@2x.png */,
				26B0A7C424B575E400095301 /* data@3x.png */,
				26B0A7C724B575E500095301 /* home@2x.png */,
				26B0A7C824B575E500095301 /* home@3x.png */,
				26B0A7D724B5C83200095301 /* icon */,
				26841E222499C40500DC50D3 /* Swift_TWPSDKDemo-Bridging-Header.h */,
			);
			path = Swift_TWPSDKDemo;
			sourceTree = "<group>";
		};
		26B0A7D724B5C83200095301 /* icon */ = {
			isa = PBXGroup;
			children = (
				26B0A7D824B5C83200095301 /* icon-28.png */,
				26B0A7DC24B5C83200095301 /* icon-60.png */,
				26B0A7DF24B5C83200095301 /* icon-60@2x.png */,
				26B0A7DB24B5C83200095301 /* icon-60@3x.png */,
				26B0A7D924B5C83200095301 /* icon-108.png */,
				26B0A7DD24B5C83200095301 /* icon-1024.png */,
				26B0A7DE24B5C83200095301 /* Icon-Small-40@2x.png */,
				26B0A7DA24B5C83200095301 /* Icon-Small.png */,
				26B0A7E124B5C83200095301 /* Icon-Small@2x.png */,
				26B0A7E024B5C83200095301 /* Icon-Small@3x.png */,
			);
			path = icon;
			sourceTree = "<group>";
		};
		26D4CF8724B2B3B40001821B /* MBProgressHUD */ = {
			isa = PBXGroup;
			children = (
				26D4CF8824B2B3B40001821B /* MBProgressHUD.m */,
				26D4CF8924B2B3B40001821B /* LICENSE */,
				26D4CF8A24B2B3B40001821B /* MBProgressHUD.h */,
				26D4CF8B24B2B3B40001821B /* README.mdown */,
			);
			path = MBProgressHUD;
			sourceTree = "<group>";
		};
		49FBEA6B0BCA4FF888B9102D /* Frameworks */ = {
			isa = PBXGroup;
			children = (
				E31AF717090B68D496220151 /* libPods-Swift_TWPSDKDemo.a */,
			);
			name = Frameworks;
			sourceTree = "<group>";
		};
		8C5B265D1CF161EB3850156A /* Pods */ = {
			isa = PBXGroup;
			children = (
				4A6685A45DCB1F94F3AF82F7 /* Pods-Swift_TWPSDKDemo.debug.xcconfig */,
				6E7E45729FDAB5A773D8B890 /* Pods-Swift_TWPSDKDemo.release.xcconfig */,
			);
			path = Pods;
			sourceTree = "<group>";
		};
/* End PBXGroup section */

/* Begin PBXNativeTarget section */
		2684E9072490C52E00ADF97E /* Swift_TWPSDKDemo */ = {
			isa = PBXNativeTarget;
			buildConfigurationList = 2684E91C2490C53200ADF97E /* Build configuration list for PBXNativeTarget "Swift_TWPSDKDemo" */;
			buildPhases = (
				8E4CA86A719AF4E0C105CCAD /* [CP] Check Pods Manifest.lock */,
				2684E9042490C52E00ADF97E /* Sources */,
				2684E9052490C52E00ADF97E /* Frameworks */,
				2684E9062490C52E00ADF97E /* Resources */,
			);
			buildRules = (
			);
			dependencies = (
			);
			name = Swift_TWPSDKDemo;
			productName = Swift_TWPSDKDemo;
			productReference = 2684E9082490C52E00ADF97E /* Z400TWP_3_SDK.app */;
			productType = "com.apple.product-type.application";
		};
/* End PBXNativeTarget section */

/* Begin PBXProject section */
		2684E9002490C52E00ADF97E /* Project object */ = {
			isa = PBXProject;
			attributes = {
				LastSwiftUpdateCheck = 1140;
				LastUpgradeCheck = 1250;
				ORGANIZATIONNAME = medica;
				TargetAttributes = {
					2684E9072490C52E00ADF97E = {
						CreatedOnToolsVersion = 11.4;
						LastSwiftMigration = 1140;
					};
				};
			};
			buildConfigurationList = 2684E9032490C52E00ADF97E /* Build configuration list for PBXProject "Swift_TWPSDKDemo" */;
			compatibilityVersion = "Xcode 9.3";
			developmentRegion = en;
			hasScannedForEncodings = 0;
			knownRegions = (
				en,
				Base,
				"zh-Hans",
			);
			mainGroup = 2684E8FF2490C52E00ADF97E;
			productRefGroup = 2684E9092490C52E00ADF97E /* Products */;
			projectDirPath = "";
			projectRoot = "";
			targets = (
				2684E9072490C52E00ADF97E /* Swift_TWPSDKDemo */,
			);
		};
/* End PBXProject section */

/* Begin PBXResourcesBuildPhase section */
		2684E9062490C52E00ADF97E /* Resources */ = {
			isa = PBXResourcesBuildPhase;
			buildActionMask = 2147483647;
			files = (
				26B0A7E324B5C83200095301 /* icon-108.png in Resources */,
				269069AF249315D50043F67B /* DeviceViewController.xib in Resources */,
				26B0A7C924B575E500095301 /* control@2x.png in Resources */,
				26B0A7EB24B5C83200095301 /* Icon-Small@2x.png in Resources */,
				26B0A7CE24B575E500095301 /* home@3x.png in Resources */,
				26B0A7CC24B575E500095301 /* data@2x.png in Resources */,
				26841E262499C40600DC50D3 /* DataViewController.xib in Resources */,
				26841E722499C54A00DC50D3 /* SLPTitleValueArrowTableViewCell.xib in Resources */,
				26B0A7D624B5C7F600095301 /* sdk_index_icon_z400twp_2@2x.png in Resources */,
				269069B3249315E40043F67B /* ReportViewController.xib in Resources */,
				2684E9182490C53200ADF97E /* LaunchScreen.storyboard in Resources */,
				26D4CF8D24B2B3B40001821B /* LICENSE in Resources */,
				26B0A7CB24B575E500095301 /* control@3x.png in Resources */,
				26B0A7CA24B575E500095301 /* data@3x.png in Resources */,
				269069AB249315A30043F67B /* MainViewController.xib in Resources */,
				2684E9152490C53200ADF97E /* Assets.xcassets in Resources */,
				26B0A7EA24B5C83200095301 /* Icon-Small@3x.png in Resources */,
				26B0A7E224B5C83200095301 /* icon-28.png in Resources */,
				26B0A7E524B5C83200095301 /* icon-60@3x.png in Resources */,
				269069C024937F990043F67B /* Localizable.strings in Resources */,
				26B0A7D524B5C7F600095301 /* sdk_index_icon_z400twp_2@3x.png in Resources */,
				26D4CF8E24B2B3B40001821B /* README.mdown in Resources */,
				26B0A7CD24B575E500095301 /* home@2x.png in Resources */,
				269069B7249316400043F67B /* LoginViewController.xib in Resources */,
				26B0A7E824B5C83200095301 /* Icon-Small-40@2x.png in Resources */,
				26B0A7E924B5C83200095301 /* icon-60@2x.png in Resources */,
				2684E9132490C52E00ADF97E /* Main.storyboard in Resources */,
				26B0A7E424B5C83200095301 /* Icon-Small.png in Resources */,
				26B0A7E624B5C83200095301 /* icon-60.png in Resources */,
				26B0A7E724B5C83200095301 /* icon-1024.png in Resources */,
			);
			runOnlyForDeploymentPostprocessing = 0;
		};
/* End PBXResourcesBuildPhase section */

/* Begin PBXShellScriptBuildPhase section */
		8E4CA86A719AF4E0C105CCAD /* [CP] Check Pods Manifest.lock */ = {
			isa = PBXShellScriptBuildPhase;
			buildActionMask = 2147483647;
			files = (
			);
			inputFileListPaths = (
			);
			inputPaths = (
				"${PODS_PODFILE_DIR_PATH}/Podfile.lock",
				"${PODS_ROOT}/Manifest.lock",
			);
			name = "[CP] Check Pods Manifest.lock";
			outputFileListPaths = (
			);
			outputPaths = (
				"$(DERIVED_FILE_DIR)/Pods-Swift_TWPSDKDemo-checkManifestLockResult.txt",
			);
			runOnlyForDeploymentPostprocessing = 0;
			shellPath = /bin/sh;
			shellScript = "diff \"${PODS_PODFILE_DIR_PATH}/Podfile.lock\" \"${PODS_ROOT}/Manifest.lock\" > /dev/null\nif [ $? != 0 ] ; then\n    # print error to STDERR\n    echo \"error: The sandbox is not in sync with the Podfile.lock. Run 'pod install' or update your CocoaPods installation.\" >&2\n    exit 1\nfi\n# This output is used by Xcode 'outputs' to avoid re-running this script phase.\necho \"SUCCESS\" > \"${SCRIPT_OUTPUT_FILE_0}\"\n";
			showEnvVarsInLog = 0;
		};
/* End PBXShellScriptBuildPhase section */

/* Begin PBXSourcesBuildPhase section */
		2684E9042490C52E00ADF97E /* Sources */ = {
			isa = PBXSourcesBuildPhase;
			buildActionMask = 2147483647;
			files = (
				26841E512499C4A500DC50D3 /* SleepView.m in Sources */,
				269069AE249315D50043F67B /* DeviceViewController.swift in Sources */,
				26841E5F2499C4A500DC50D3 /* SBJsonTokeniser.m in Sources */,
				26841E5D2499C4A500DC50D3 /* SBJsonStreamWriterAccumulator.m in Sources */,
				26841E562499C4A500DC50D3 /* SBJsonStreamParserAccumulator.m in Sources */,
				26841E592499C4A500DC50D3 /* SBJsonStreamParserState.m in Sources */,
				26841E602499C4A500DC50D3 /* ToolKit.m in Sources */,
				26D4CF8C24B2B3B40001821B /* MBProgressHUD.m in Sources */,
				26841E622499C4A500DC50D3 /* HeartCurveView.m in Sources */,
				269069AA249315A30043F67B /* MainViewController.swift in Sources */,
				26841E5A2499C4A500DC50D3 /* SBJsonWriter.m in Sources */,
				26841E5B2499C4A500DC50D3 /* SBJsonStreamWriter.m in Sources */,
				2684E90C2490C52E00ADF97E /* AppDelegate.swift in Sources */,
				26841E5E2499C4A500DC50D3 /* SBJsonStreamWriterState.m in Sources */,
				26841E692499C4BE00DC50D3 /* Tool.m in Sources */,
				26841E552499C4A500DC50D3 /* SBJsonParser.m in Sources */,
				269069B6249316400043F67B /* LoginViewController.swift in Sources */,
				26841E572499C4A500DC50D3 /* SBJson.m in Sources */,
				26841E612499C4A500DC50D3 /* FixTimeView.m in Sources */,
				26841E732499C54A00DC50D3 /* SLPTitleValueArrowTableViewCell.m in Sources */,
				26841E632499C4A500DC50D3 /* UserObj.m in Sources */,
				26841E7E2499C8AB00DC50D3 /* DealWithData.m in Sources */,
				26841E272499C40600DC50D3 /* DataViewController.m in Sources */,
				26841E7D2499C8AB00DC50D3 /* SimulateData.m in Sources */,
				26841E712499C54A00DC50D3 /* SLPUnderlineButton.m in Sources */,
				26841E522499C4A500DC50D3 /* FixView.m in Sources */,
				26841E802499C8AB00DC50D3 /* UpgradeInfoObj.m in Sources */,
				26841E532499C4A500DC50D3 /* NSObject+SBJson.m in Sources */,
				26841E582499C4A500DC50D3 /* SBJsonUTF8Stream.m in Sources */,
				26841E6A2499C4BE00DC50D3 /* FontColor.m in Sources */,
				26841E7F2499C8AB00DC50D3 /* SimulateData+ScoreDeduction.m in Sources */,
				269069B2249315E40043F67B /* ReportViewController.swift in Sources */,
				26841E542499C4A500DC50D3 /* SBJsonStreamParser.m in Sources */,
				26841E5C2499C4A500DC50D3 /* SBJsonStreamParserAdapter.m in Sources */,
			);
			runOnlyForDeploymentPostprocessing = 0;
		};
/* End PBXSourcesBuildPhase section */

/* Begin PBXVariantGroup section */
		2684E9112490C52E00ADF97E /* Main.storyboard */ = {
			isa = PBXVariantGroup;
			children = (
				2684E9122490C52E00ADF97E /* Base */,
				269069BE24937F740043F67B /* zh-Hans */,
			);
			name = Main.storyboard;
			sourceTree = "<group>";
		};
		2684E9162490C53200ADF97E /* LaunchScreen.storyboard */ = {
			isa = PBXVariantGroup;
			children = (
				2684E9172490C53200ADF97E /* Base */,
				269069BF24937F750043F67B /* zh-Hans */,
			);
			name = LaunchScreen.storyboard;
			sourceTree = "<group>";
		};
		269069C224937F990043F67B /* Localizable.strings */ = {
			isa = PBXVariantGroup;
			children = (
				269069C124937F990043F67B /* en */,
				269069C624937FD10043F67B /* zh-Hans */,
			);
			name = Localizable.strings;
			sourceTree = "<group>";
		};
/* End PBXVariantGroup section */

/* Begin XCBuildConfiguration section */
		2684E91A2490C53200ADF97E /* Debug */ = {
			isa = XCBuildConfiguration;
			buildSettings = {
				ALWAYS_SEARCH_USER_PATHS = NO;
				CLANG_ANALYZER_LOCALIZABILITY_NONLOCALIZED = YES;
				CLANG_ANALYZER_NONNULL = YES;
				CLANG_ANALYZER_NUMBER_OBJECT_CONVERSION = YES_AGGRESSIVE;
				CLANG_CXX_LANGUAGE_STANDARD = "gnu++14";
				CLANG_CXX_LIBRARY = "libc++";
				CLANG_ENABLE_MODULES = YES;
				CLANG_ENABLE_OBJC_ARC = YES;
				CLANG_ENABLE_OBJC_WEAK = YES;
				CLANG_WARN_BLOCK_CAPTURE_AUTORELEASING = YES;
				CLANG_WARN_BOOL_CONVERSION = YES;
				CLANG_WARN_COMMA = YES;
				CLANG_WARN_CONSTANT_CONVERSION = YES;
				CLANG_WARN_DEPRECATED_OBJC_IMPLEMENTATIONS = YES;
				CLANG_WARN_DIRECT_OBJC_ISA_USAGE = YES_ERROR;
				CLANG_WARN_DOCUMENTATION_COMMENTS = YES;
				CLANG_WARN_EMPTY_BODY = YES;
				CLANG_WARN_ENUM_CONVERSION = YES;
				CLANG_WARN_INFINITE_RECURSION = YES;
				CLANG_WARN_INT_CONVERSION = YES;
				CLANG_WARN_NON_LITERAL_NULL_CONVERSION = YES;
				CLANG_WARN_OBJC_IMPLICIT_RETAIN_SELF = YES;
				CLANG_WARN_OBJC_LITERAL_CONVERSION = YES;
				CLANG_WARN_OBJC_ROOT_CLASS = YES_ERROR;
				CLANG_WARN_QUOTED_INCLUDE_IN_FRAMEWORK_HEADER = YES;
				CLANG_WARN_RANGE_LOOP_ANALYSIS = YES;
				CLANG_WARN_STRICT_PROTOTYPES = YES;
				CLANG_WARN_SUSPICIOUS_MOVE = YES;
				CLANG_WARN_UNGUARDED_AVAILABILITY = YES_AGGRESSIVE;
				CLANG_WARN_UNREACHABLE_CODE = YES;
				CLANG_WARN__DUPLICATE_METHOD_MATCH = YES;
				COPY_PHASE_STRIP = NO;
				DEBUG_INFORMATION_FORMAT = dwarf;
				ENABLE_STRICT_OBJC_MSGSEND = YES;
				ENABLE_TESTABILITY = YES;
				GCC_C_LANGUAGE_STANDARD = gnu11;
				GCC_DYNAMIC_NO_PIC = NO;
				GCC_NO_COMMON_BLOCKS = YES;
				GCC_OPTIMIZATION_LEVEL = 0;
				GCC_PREPROCESSOR_DEFINITIONS = (
					"DEBUG=1",
					"$(inherited)",
				);
				GCC_WARN_64_TO_32_BIT_CONVERSION = YES;
				GCC_WARN_ABOUT_RETURN_TYPE = YES_ERROR;
				GCC_WARN_UNDECLARED_SELECTOR = YES;
				GCC_WARN_UNINITIALIZED_AUTOS = YES_AGGRESSIVE;
				GCC_WARN_UNUSED_FUNCTION = YES;
				GCC_WARN_UNUSED_VARIABLE = YES;
				IPHONEOS_DEPLOYMENT_TARGET = 12.0;
				MTL_ENABLE_DEBUG_INFO = INCLUDE_SOURCE;
				MTL_FAST_MATH = YES;
				ONLY_ACTIVE_ARCH = YES;
				SDKROOT = iphoneos;
				SWIFT_ACTIVE_COMPILATION_CONDITIONS = DEBUG;
				SWIFT_OPTIMIZATION_LEVEL = "-Onone";
			};
			name = Debug;
		};
		2684E91B2490C53200ADF97E /* Release */ = {
			isa = XCBuildConfiguration;
			buildSettings = {
				ALWAYS_SEARCH_USER_PATHS = NO;
				CLANG_ANALYZER_LOCALIZABILITY_NONLOCALIZED = YES;
				CLANG_ANALYZER_NONNULL = YES;
				CLANG_ANALYZER_NUMBER_OBJECT_CONVERSION = YES_AGGRESSIVE;
				CLANG_CXX_LANGUAGE_STANDARD = "gnu++14";
				CLANG_CXX_LIBRARY = "libc++";
				CLANG_ENABLE_MODULES = YES;
				CLANG_ENABLE_OBJC_ARC = YES;
				CLANG_ENABLE_OBJC_WEAK = YES;
				CLANG_WARN_BLOCK_CAPTURE_AUTORELEASING = YES;
				CLANG_WARN_BOOL_CONVERSION = YES;
				CLANG_WARN_COMMA = YES;
				CLANG_WARN_CONSTANT_CONVERSION = YES;
				CLANG_WARN_DEPRECATED_OBJC_IMPLEMENTATIONS = YES;
				CLANG_WARN_DIRECT_OBJC_ISA_USAGE = YES_ERROR;
				CLANG_WARN_DOCUMENTATION_COMMENTS = YES;
				CLANG_WARN_EMPTY_BODY = YES;
				CLANG_WARN_ENUM_CONVERSION = YES;
				CLANG_WARN_INFINITE_RECURSION = YES;
				CLANG_WARN_INT_CONVERSION = YES;
				CLANG_WARN_NON_LITERAL_NULL_CONVERSION = YES;
				CLANG_WARN_OBJC_IMPLICIT_RETAIN_SELF = YES;
				CLANG_WARN_OBJC_LITERAL_CONVERSION = YES;
				CLANG_WARN_OBJC_ROOT_CLASS = YES_ERROR;
				CLANG_WARN_QUOTED_INCLUDE_IN_FRAMEWORK_HEADER = YES;
				CLANG_WARN_RANGE_LOOP_ANALYSIS = YES;
				CLANG_WARN_STRICT_PROTOTYPES = YES;
				CLANG_WARN_SUSPICIOUS_MOVE = YES;
				CLANG_WARN_UNGUARDED_AVAILABILITY = YES_AGGRESSIVE;
				CLANG_WARN_UNREACHABLE_CODE = YES;
				CLANG_WARN__DUPLICATE_METHOD_MATCH = YES;
				COPY_PHASE_STRIP = NO;
				DEBUG_INFORMATION_FORMAT = "dwarf-with-dsym";
				ENABLE_NS_ASSERTIONS = NO;
				ENABLE_STRICT_OBJC_MSGSEND = YES;
				GCC_C_LANGUAGE_STANDARD = gnu11;
				GCC_NO_COMMON_BLOCKS = YES;
				GCC_WARN_64_TO_32_BIT_CONVERSION = YES;
				GCC_WARN_ABOUT_RETURN_TYPE = YES_ERROR;
				GCC_WARN_UNDECLARED_SELECTOR = YES;
				GCC_WARN_UNINITIALIZED_AUTOS = YES_AGGRESSIVE;
				GCC_WARN_UNUSED_FUNCTION = YES;
				GCC_WARN_UNUSED_VARIABLE = YES;
				IPHONEOS_DEPLOYMENT_TARGET = 12.0;
				MTL_ENABLE_DEBUG_INFO = NO;
				MTL_FAST_MATH = YES;
				SDKROOT = iphoneos;
				SWIFT_COMPILATION_MODE = wholemodule;
				SWIFT_OPTIMIZATION_LEVEL = "-O";
				VALIDATE_PRODUCT = YES;
			};
			name = Release;
		};
		2684E91D2490C53200ADF97E /* Debug */ = {
			isa = XCBuildConfiguration;
			baseConfigurationReference = 4A6685A45DCB1F94F3AF82F7 /* Pods-Swift_TWPSDKDemo.debug.xcconfig */;
			buildSettings = {
				ASSETCATALOG_COMPILER_APPICON_NAME = AppIcon;
				CLANG_ENABLE_MODULES = YES;
				CODE_SIGN_STYLE = Automatic;
				DEVELOPMENT_TEAM = T3348QM7CT;
				ENABLE_BITCODE = NO;
				FRAMEWORK_SEARCH_PATHS = (
					"$(inherited)",
					"$(PROJECT_DIR)/Swift_TWPSDKDemo",
				);
				INFOPLIST_FILE = Swift_TWPSDKDemo/Info.plist;
				LD_RUNPATH_SEARCH_PATHS = (
					"$(inherited)",
					"@executable_path/Frameworks",
				);
				PRODUCT_BUNDLE_IDENTIFIER = "com.medicatech.Swift-TWP3SDKDemos";
				PRODUCT_NAME = Z400TWP_3_SDK;
				SWIFT_OBJC_BRIDGING_HEADER = "Swift_TWPSDKDemo/Swift_TWPSDKDemo-Bridging-Header.h";
				SWIFT_OPTIMIZATION_LEVEL = "-Onone";
				SWIFT_VERSION = 5.0;
				TARGETED_DEVICE_FAMILY = "1,2";
			};
			name = Debug;
		};
		2684E91E2490C53200ADF97E /* Release */ = {
			isa = XCBuildConfiguration;
			baseConfigurationReference = 6E7E45729FDAB5A773D8B890 /* Pods-Swift_TWPSDKDemo.release.xcconfig */;
			buildSettings = {
				ASSETCATALOG_COMPILER_APPICON_NAME = AppIcon;
				CLANG_ENABLE_MODULES = YES;
				CODE_SIGN_STYLE = Automatic;
				DEVELOPMENT_TEAM = T3348QM7CT;
				ENABLE_BITCODE = NO;
				FRAMEWORK_SEARCH_PATHS = (
					"$(inherited)",
					"$(PROJECT_DIR)/Swift_TWPSDKDemo",
				);
				INFOPLIST_FILE = Swift_TWPSDKDemo/Info.plist;
				LD_RUNPATH_SEARCH_PATHS = (
					"$(inherited)",
					"@executable_path/Frameworks",
				);
				PRODUCT_BUNDLE_IDENTIFIER = "com.medicatech.Swift-TWP3SDKDemos";
				PRODUCT_NAME = Z400TWP_3_SDK;
				SWIFT_OBJC_BRIDGING_HEADER = "Swift_TWPSDKDemo/Swift_TWPSDKDemo-Bridging-Header.h";
				SWIFT_VERSION = 5.0;
				TARGETED_DEVICE_FAMILY = "1,2";
			};
			name = Release;
		};
/* End XCBuildConfiguration section */

/* Begin XCConfigurationList section */
		2684E9032490C52E00ADF97E /* Build configuration list for PBXProject "Swift_TWPSDKDemo" */ = {
			isa = XCConfigurationList;
			buildConfigurations = (
				2684E91A2490C53200ADF97E /* Debug */,
				2684E91B2490C53200ADF97E /* Release */,
			);
			defaultConfigurationIsVisible = 0;
			defaultConfigurationName = Release;
		};
		2684E91C2490C53200ADF97E /* Build configuration list for PBXNativeTarget "Swift_TWPSDKDemo" */ = {
			isa = XCConfigurationList;
			buildConfigurations = (
				2684E91D2490C53200ADF97E /* Debug */,
				2684E91E2490C53200ADF97E /* Release */,
			);
			defaultConfigurationIsVisible = 0;
			defaultConfigurationName = Release;
		};
/* End XCConfigurationList section */
	};
	rootObject = 2684E9002490C52E00ADF97E /* Project object */;
}
